<?xml version="1.0" encoding="utf-8"?>
<Project ToolsVersion="4.0" xmlns="http://schemas.microsoft.com/developer/msbuild/2003">
  <ItemGroup>
    <Filter Include="Source Files">
      <UniqueIdentifier>{4FC737F1-C7A5-4376-A066-2A32D752A2FF}</UniqueIdentifier>
      <Extensions>cpp;c;cc;cxx;def;odl;idl;hpj;bat;asm;asmx</Extensions>
    </Filter>
    <Filter Include="Header Files">
      <UniqueIdentifier>{93995380-89BD-4b04-88EB-625FBE52EBFB}</UniqueIdentifier>
      <Extensions>h;hpp;hxx;hm;inl;inc;xsd</Extensions>
    </Filter>
    <Filter Include="Resource Files">
      <UniqueIdentifier>{67DA6AB6-F800-4c08-8B7A-83BB121AAD01}</UniqueIdentifier>
      <Extensions>rc;ico;cur;bmp;dlg;rc2;rct;bin;rgs;gif;jpg;jpeg;jpe;resx;tiff;tif;png;wav</Extensions>
    </Filter>
    <Filter Include="DataSources">
      <UniqueIdentifier>{9a99f64b-cdb1-4416-afd8-2ff0c3daaff8}</UniqueIdentifier>
    </Filter>
  </ItemGroup>
  <ItemGroup>
    <ClCompile Include="About.cpp">
      <Filter>Source Files</Filter>
    </ClCompile>
    <ClCompile Include="AssemblyInfo.cpp">
      <Filter>Source Files</Filter>
    </ClCompile>
    <ClCompile Include="BatchSaveDlg.cpp">
      <Filter>Source Files</Filter>
    </ClCompile>
    <ClCompile Include="CCDLAB.cpp">
      <Filter>Source Files</Filter>
    </ClCompile>
    <ClCompile Include="CCDLABBatch.cpp">
      <Filter>Source Files</Filter>
    </ClCompile>
    <ClCompile Include="CCDLABImageWindows.cpp">
      <Filter>Source Files</Filter>
    </ClCompile>
    <ClCompile Include="CCDLABPSE.cpp">
      <Filter>Source Files</Filter>
    </ClCompile>
    <ClCompile Include="CCDLABUVIT.cpp">
      <Filter>Source Files</Filter>
    </ClCompile>
    <ClCompile Include="EditKeyDlg.cpp">
      <Filter>Source Files</Filter>
    </ClCompile>
    <ClCompile Include="EditValueDlg.cpp">
      <Filter>Source Files</Filter>
    </ClCompile>
    <ClCompile Include="FitParametersWindow.cpp">
      <Filter>Source Files</Filter>
    </ClCompile>
    <ClCompile Include="GSEExtractImg.cpp">
      <Filter>Source Files</Filter>
    </ClCompile>
    <ClCompile Include="HeaderKey.cpp">
      <Filter>Source Files</Filter>
    </ClCompile>
    <ClCompile Include="JPPlot.cpp">
      <Filter>Source Files</Filter>
    </ClCompile>
    <ClCompile Include="PSE.cpp">
      <Filter>Source Files</Filter>
    </ClCompile>
    <ClCompile Include="RADecBox.cpp">
      <Filter>Source Files</Filter>
    </ClCompile>
    <ClCompile Include="RangeDlg.cpp">
      <Filter>Source Files</Filter>
    </ClCompile>
    <ClCompile Include="stdafx.cpp">
      <Filter>Source Files</Filter>
    </ClCompile>
    <ClCompile Include="UVIT.cpp">
      <Filter>Source Files</Filter>
    </ClCompile>
    <ClCompile Include="UVIT_HVUPlot.cpp">
      <Filter>Source Files</Filter>
    </ClCompile>
    <ClCompile Include="UVIT_StatsPlot.cpp">
      <Filter>Source Files</Filter>
    </ClCompile>
  </ItemGroup>
  <ItemGroup>
    <ClInclude Include="About.h">
      <Filter>Header Files</Filter>
    </ClInclude>
    <ClInclude Include="BatchSaveDlg.h">
      <Filter>Header Files</Filter>
    </ClInclude>
    <ClInclude Include="EditKeyDlg.h">
      <Filter>Header Files</Filter>
    </ClInclude>
    <ClInclude Include="EditValueDlg.h">
      <Filter>Header Files</Filter>
    </ClInclude>
    <ClInclude Include="FitParametersWindow.h">
      <Filter>Header Files</Filter>
    </ClInclude>
    <ClInclude Include="Form1.h">
      <Filter>Header Files</Filter>
    </ClInclude>
    <ClInclude Include="GSEExtractImg.h">
      <Filter>Header Files</Filter>
    </ClInclude>
    <ClInclude Include="HeaderKey.h">
      <Filter>Header Files</Filter>
    </ClInclude>
    <ClInclude Include="JPPlot.h">
      <Filter>Header Files</Filter>
    </ClInclude>
    <ClInclude Include="PSE.h">
      <Filter>Header Files</Filter>
    </ClInclude>
    <ClInclude Include="RADecBox.h">
      <Filter>Header Files</Filter>
    </ClInclude>
    <ClInclude Include="RangeDlg.h">
      <Filter>Header Files</Filter>
    </ClInclude>
    <ClInclude Include="resource.h">
      <Filter>Header Files</Filter>
    </ClInclude>
    <ClInclude Include="stdafx.h">
      <Filter>Header Files</Filter>
    </ClInclude>
    <ClInclude Include="UVIT.h">
      <Filter>Header Files</Filter>
    </ClInclude>
    <ClInclude Include="UVIT_HVUPlot.h">
      <Filter>Header Files</Filter>
    </ClInclude>
    <ClInclude Include="UVIT_StatsPlot.h">
      <Filter>Header Files</Filter>
    </ClInclude>
  </ItemGroup>
  <ItemGroup>
    <Image Include="app.ico">
      <Filter>Resource Files</Filter>
    </Image>
  </ItemGroup>
  <ItemGroup>
    <ResourceCompile Include="app.rc">
      <Filter>Resource Files</Filter>
    </ResourceCompile>
  </ItemGroup>
  <ItemGroup>
    <None Include="ClassDiagram1.cd" />
    <None Include="ClassDiagram2.cd" />
    <None Include="ClassDiagram3.cd" />
  </ItemGroup>
  <ItemGroup>
    <LicxCompiler Include="licenses.licx" />
  </ItemGroup>
  <ItemGroup>
    <Text Include="ReadMe.txt" />
  </ItemGroup>
  <ItemGroup>
    <EmbeddedResource Include="About.resx">
      <Filter>Resource Files</Filter>
    </EmbeddedResource>
    <EmbeddedResource Include="BatchSaveDlg.resx">
      <Filter>Resource Files</Filter>
    </EmbeddedResource>
    <EmbeddedResource Include="EditKeyDlg.resx">
      <Filter>Resource Files</Filter>
    </EmbeddedResource>
    <EmbeddedResource Include="EditValueDlg.resx">
      <Filter>Resource Files</Filter>
    </EmbeddedResource>
    <EmbeddedResource Include="FitParametersWindow.resx">
      <Filter>Resource Files</Filter>
    </EmbeddedResource>
    <EmbeddedResource Include="Form1.resX">
      <Filter>Resource Files</Filter>
    </EmbeddedResource>
    <EmbeddedResource Include="GSEExtractImg.resx">
      <Filter>Resource Files</Filter>
    </EmbeddedResource>
    <EmbeddedResource Include="HeaderKey.resx">
      <Filter>Resource Files</Filter>
    </EmbeddedResource>
    <EmbeddedResource Include="JPPlot.resx">
      <Filter>Resource Files</Filter>
    </EmbeddedResource>
    <EmbeddedResource Include="RADecBox.resx">
      <Filter>Resource Files</Filter>
    </EmbeddedResource>
    <EmbeddedResource Include="RangeDlg.resx">
      <Filter>Resource Files</Filter>
    </EmbeddedResource>
    <EmbeddedResource Include="UVIT_HVUPlot.resx">
      <Filter>Resource Files</Filter>
    </EmbeddedResource>
    <EmbeddedResource Include="UVIT_StatsPlot.resx">
      <Filter>Resource Files</Filter>
    </EmbeddedResource>
  </ItemGroup>
</Project>